
Microsoft Visual Studio Solution File, Format Version 12.00
# Visual Studio Version 16
VisualStudioVersion = 16.0.29728.190
MinimumVisualStudioVersion = 10.0.40219.1
Project("{9A19103F-16F7-4668-BE54-9A1E7A4F7556}") = "Aub.Eece503e.ChatService.Web", "Aub.Eece503e.ChatService.Web.csproj", "{7E76701C-02A0-4A99-ADBF-FD5CCBC577D1}"
EndProject
Project("{9A19103F-16F7-4668-BE54-9A1E7A4F7556}") = "Aub.Eece503e.ChatService.Datacontracts", "..\Aub.Eece503e.ChatService.Datacontracts\Aub.Eece503e.ChatService.Datacontracts.csproj", "{952B7E12-7F28-4A1F-AC32-CDCE14FC7FEA}"
EndProject
Project("{9A19103F-16F7-4668-BE54-9A1E7A4F7556}") = "Aub.Eece503e.ChatService.Tests", "..\Aub.Eece503e.ChatService.Tests\Aub.Eece503e.ChatService.Tests.csproj", "{8D0BB21A-AE97-4C0A-BE93-155757946FBF}"
EndProject
Project("{9A19103F-16F7-4668-BE54-9A1E7A4F7556}") = "Aub.Eece503e.ChatService.Client", "..\Aub.Eece503e.ChatService.Client\Aub.Eece503e.ChatService.Client.csproj", "{E9030D15-3D89-4323-9E46-022BA173125B}"
EndProject
Project("{9A19103F-16F7-4668-BE54-9A1E7A4F7556}") = "Aub.Eece503e.ChatService.IntegrationTests", "..\Aub.Eece503e.ChatService.IntegrationTests\Aub.Eece503e.ChatService.IntegrationTests.csproj", "{47B21839-2856-4ECD-A51B-C5BEA8A15F25}"
EndProject
Global
	GlobalSection(SolutionConfigurationPlatforms) = preSolution
		Debug|Any CPU = Debug|Any CPU
		Release|Any CPU = Release|Any CPU
	EndGlobalSection
	GlobalSection(ProjectConfigurationPlatforms) = postSolution
		{7E76701C-02A0-4A99-ADBF-FD5CCBC577D1}.Debug|Any CPU.ActiveCfg = Debug|Any CPU
		{7E76701C-02A0-4A99-ADBF-FD5CCBC577D1}.Debug|Any CPU.Build.0 = Debug|Any CPU
		{7E76701C-02A0-4A99-ADBF-FD5CCBC577D1}.Release|Any CPU.ActiveCfg = Release|Any CPU
		{7E76701C-02A0-4A99-ADBF-FD5CCBC577D1}.Release|Any CPU.Build.0 = Release|Any CPU
		{952B7E12-7F28-4A1F-AC32-CDCE14FC7FEA}.Debug|Any CPU.ActiveCfg = Debug|Any CPU
		{952B7E12-7F28-4A1F-AC32-CDCE14FC7FEA}.Debug|Any CPU.Build.0 = Debug|Any CPU
		{952B7E12-7F28-4A1F-AC32-CDCE14FC7FEA}.Release|Any CPU.ActiveCfg = Release|Any CPU
		{952B7E12-7F28-4A1F-AC32-CDCE14FC7FEA}.Release|Any CPU.Build.0 = Release|Any CPU
		{8D0BB21A-AE97-4C0A-BE93-155757946FBF}.Debug|Any CPU.ActiveCfg = Debug|Any CPU
		{8D0BB21A-AE97-4C0A-BE93-155757946FBF}.Debug|Any CPU.Build.0 = Debug|Any CPU
		{8D0BB21A-AE97-4C0A-BE93-155757946FBF}.Release|Any CPU.ActiveCfg = Release|Any CPU
		{8D0BB21A-AE97-4C0A-BE93-155757946FBF}.Release|Any CPU.Build.0 = Release|Any CPU
		{E9030D15-3D89-4323-9E46-022BA173125B}.Debug|Any CPU.ActiveCfg = Debug|Any CPU
		{E9030D15-3D89-4323-9E46-022BA173125B}.Debug|Any CPU.Build.0 = Debug|Any CPU
		{E9030D15-3D89-4323-9E46-022BA173125B}.Release|Any CPU.ActiveCfg = Release|Any CPU
		{E9030D15-3D89-4323-9E46-022BA173125B}.Release|Any CPU.Build.0 = Release|Any CPU
		{47B21839-2856-4ECD-A51B-C5BEA8A15F25}.Debug|Any CPU.ActiveCfg = Debug|Any CPU
		{47B21839-2856-4ECD-A51B-C5BEA8A15F25}.Debug|Any CPU.Build.0 = Debug|Any CPU
		{47B21839-2856-4ECD-A51B-C5BEA8A15F25}.Release|Any CPU.ActiveCfg = Release|Any CPU
		{47B21839-2856-4ECD-A51B-C5BEA8A15F25}.Release|Any CPU.Build.0 = Release|Any CPU
	EndGlobalSection
	GlobalSection(SolutionProperties) = preSolution
		HideSolutionNode = FALSE
	EndGlobalSection
	GlobalSection(ExtensibilityGlobals) = postSolution
		SolutionGuid = {BC45D40F-8916-4543-8DEF-97982A659F45}
	EndGlobalSection
EndGlobal
